{
  "//": "🧠 HEM Structural Logic — Declaratory Metadata Binding",
  "license": "Declaratory Royalty License",
  "copyright": "Copyright © 2025 Mr. Holmes",
  "hemEnforcement": {
    "notice": "Use of this file constitutes clause-governed procedural acceptance under CU-1.4, CU-2.3, and G-6.",
    "repository": "https://github.com/Gamerdudee/holmes-enforcement-model"
  }
}

npm install && npm i --package-lock-only
